// !$*UTF8*$!
{
	archiveVersion = 1;
	classes = {
	};
	objectVersion = 56;
	objects = {

/* Begin PBXBuildFile section */
		18207CB028F7DF5C00ED98C9 /* AppDelegate.swift in Sources */ = {isa = PBXBuildFile; fileRef = 18207CAF28F7DF5C00ED98C9 /* AppDelegate.swift */; };
		18207CB228F7DF5C00ED98C9 /* SceneDelegate.swift in Sources */ = {isa = PBXBuildFile; fileRef = 18207CB128F7DF5C00ED98C9 /* SceneDelegate.swift */; };
		18207CB428F7DF5C00ED98C9 /* ViewController.swift in Sources */ = {isa = PBXBuildFile; fileRef = 18207CB328F7DF5C00ED98C9 /* ViewController.swift */; };
		18207CB728F7DF5C00ED98C9 /* Main.storyboard in Resources */ = {isa = PBXBuildFile; fileRef = 18207CB528F7DF5C00ED98C9 /* Main.storyboard */; };
		18207CB928F7DF5F00ED98C9 /* Assets.xcassets in Resources */ = {isa = PBXBuildFile; fileRef = 18207CB828F7DF5F00ED98C9 /* Assets.xcassets */; };
		18207CBC28F7DF5F00ED98C9 /* LaunchScreen.storyboard in Resources */ = {isa = PBXBuildFile; fileRef = 18207CBA28F7DF5F00ED98C9 /* LaunchScreen.storyboard */; };
		18207CC728F7DF5F00ED98C9 /* AVTests.swift in Sources */ = {isa = PBXBuildFile; fileRef = 18207CC628F7DF5F00ED98C9 /* AVTests.swift */; };
		18207CD128F7DF5F00ED98C9 /* AVUITests.swift in Sources */ = {isa = PBXBuildFile; fileRef = 18207CD028F7DF5F00ED98C9 /* AVUITests.swift */; };
		18207CD328F7DF5F00ED98C9 /* AVUITestsLaunchTests.swift in Sources */ = {isa = PBXBuildFile; fileRef = 18207CD228F7DF5F00ED98C9 /* AVUITestsLaunchTests.swift */; };
		18207CE028F7E99E00ED98C9 /* loveyourself.mp3 in Resources */ = {isa = PBXBuildFile; fileRef = 18207CDF28F7E99E00ED98C9 /* loveyourself.mp3 */; };
		18207CE228F7EA0D00ED98C9 /* Shinzou wo Sasageyo.mp3 in Resources */ = {isa = PBXBuildFile; fileRef = 18207CE128F7EA0D00ED98C9 /* Shinzou wo Sasageyo.mp3 */; };
/* End PBXBuildFile section */

/* Begin PBXContainerItemProxy section */
		18207CC328F7DF5F00ED98C9 /* PBXContainerItemProxy */ = {
			isa = PBXContainerItemProxy;
			containerPortal = 18207CA428F7DF5C00ED98C9 /* Project object */;
			proxyType = 1;
			remoteGlobalIDString = 18207CAB28F7DF5C00ED98C9;
			remoteInfo = AV;
		};
		18207CCD28F7DF5F00ED98C9 /* PBXContainerItemProxy */ = {
			isa = PBXContainerItemProxy;
			containerPortal = 18207CA428F7DF5C00ED98C9 /* Project object */;
			proxyType = 1;
			remoteGlobalIDString = 18207CAB28F7DF5C00ED98C9;
			remoteInfo = AV;
		};
/* End PBXContainerItemProxy section */

/* Begin PBXFileReference section */
		18207CAC28F7DF5C00ED98C9 /* AV.app */ = {isa = PBXFileReference; explicitFileType = wrapper.application; includeInIndex = 0; path = AV.app; sourceTree = BUILT_PRODUCTS_DIR; };
		18207CAF28F7DF5C00ED98C9 /* AppDelegate.swift */ = {isa = PBXFileReference; lastKnownFileType = sourcecode.swift; path = AppDelegate.swift; sourceTree = "<group>"; };
		18207CB128F7DF5C00ED98C9 /* SceneDelegate.swift */ = {isa = PBXFileReference; lastKnownFileType = sourcecode.swift; path = SceneDelegate.swift; sourceTree = "<group>"; };
		18207CB328F7DF5C00ED98C9 /* ViewController.swift */ = {isa = PBXFileReference; lastKnownFileType = sourcecode.swift; path = ViewController.swift; sourceTree = "<group>"; };
		18207CB628F7DF5C00ED98C9 /* Base */ = {isa = PBXFileReference; lastKnownFileType = file.storyboard; name = Base; path = Base.lproj/Main.storyboard; sourceTree = "<group>"; };
		18207CB828F7DF5F00ED98C9 /* Assets.xcassets */ = {isa = PBXFileReference; lastKnownFileType = folder.assetcatalog; path = Assets.xcassets; sourceTree = "<group>"; };
		18207CBB28F7DF5F00ED98C9 /* Base */ = {isa = PBXFileReference; lastKnownFileType = file.storyboard; name = Base; path = Base.lproj/LaunchScreen.storyboard; sourceTree = "<group>"; };
		18207CBD28F7DF5F00ED98C9 /* Info.plist */ = {isa = PBXFileReference; lastKnownFileType = text.plist.xml; path = Info.plist; sourceTree = "<group>"; };
		18207CC228F7DF5F00ED98C9 /* AVTests.xctest */ = {isa = PBXFileReference; explicitFileType = wrapper.cfbundle; includeInIndex = 0; path = AVTests.xctest; sourceTree = BUILT_PRODUCTS_DIR; };
		18207CC628F7DF5F00ED98C9 /* AVTests.swift */ = {isa = PBXFileReference; lastKnownFileType = sourcecode.swift; path = AVTests.swift; sourceTree = "<group>"; };
		18207CCC28F7DF5F00ED98C9 /* AVUITests.xctest */ = {isa = PBXFileReference; explicitFileType = wrapper.cfbundle; includeInIndex = 0; path = AVUITests.xctest; sourceTree = BUILT_PRODUCTS_DIR; };
		18207CD028F7DF5F00ED98C9 /* AVUITests.swift */ = {isa = PBXFileReference; lastKnownFileType = sourcecode.swift; path = AVUITests.swift; sourceTree = "<group>"; };
		18207CD228F7DF5F00ED98C9 /* AVUITestsLaunchTests.swift */ = {isa = PBXFileReference; lastKnownFileType = sourcecode.swift; path = AVUITestsLaunchTests.swift; sourceTree = "<group>"; };
		18207CDF28F7E99E00ED98C9 /* loveyourself.mp3 */ = {isa = PBXFileReference; lastKnownFileType = audio.mp3; path = loveyourself.mp3; sourceTree = "<group>"; };
		18207CE128F7EA0D00ED98C9 /* Shinzou wo Sasageyo.mp3 */ = {isa = PBXFileReference; lastKnownFileType = audio.mp3; path = "Shinzou wo Sasageyo.mp3"; sourceTree = "<group>"; };
/* End PBXFileReference section */

/* Begin PBXFrameworksBuildPhase section */
		18207CA928F7DF5C00ED98C9 /* Frameworks */ = {
			isa = PBXFrameworksBuildPhase;
			buildActionMask = 2147483647;
			files = (
			);
			runOnlyForDeploymentPostprocessing = 0;
		};
		18207CBF28F7DF5F00ED98C9 /* Frameworks */ = {
			isa = PBXFrameworksBuildPhase;
			buildActionMask = 2147483647;
			files = (
			);
			runOnlyForDeploymentPostprocessing = 0;
		};
		18207CC928F7DF5F00ED98C9 /* Frameworks */ = {
			isa = PBXFrameworksBuildPhase;
			buildActionMask = 2147483647;
			files = (
			);
			runOnlyForDeploymentPostprocessing = 0;
		};
/* End PBXFrameworksBuildPhase section */

/* Begin PBXGroup section */
		18207CA328F7DF5C00ED98C9 = {
			isa = PBXGroup;
			children = (
				18207CAE28F7DF5C00ED98C9 /* AV */,
				18207CC528F7DF5F00ED98C9 /* AVTests */,
				18207CCF28F7DF5F00ED98C9 /* AVUITests */,
				18207CAD28F7DF5C00ED98C9 /* Products */,
			);
			sourceTree = "<group>";
		};
		18207CAD28F7DF5C00ED98C9 /* Products */ = {
			isa = PBXGroup;
			children = (
				18207CAC28F7DF5C00ED98C9 /* AV.app */,
				18207CC228F7DF5F00ED98C9 /* AVTests.xctest */,
				18207CCC28F7DF5F00ED98C9 /* AVUITests.xctest */,
			);
			name = Products;
			sourceTree = "<group>";
		};
		18207CAE28F7DF5C00ED98C9 /* AV */ = {
			isa = PBXGroup;
			children = (
				18207CAF28F7DF5C00ED98C9 /* AppDelegate.swift */,
				18207CB128F7DF5C00ED98C9 /* SceneDelegate.swift */,
				18207CB328F7DF5C00ED98C9 /* ViewController.swift */,
				18207CB528F7DF5C00ED98C9 /* Main.storyboard */,
				18207CB828F7DF5F00ED98C9 /* Assets.xcassets */,
				18207CDF28F7E99E00ED98C9 /* loveyourself.mp3 */,
				18207CE128F7EA0D00ED98C9 /* Shinzou wo Sasageyo.mp3 */,
				18207CBA28F7DF5F00ED98C9 /* LaunchScreen.storyboard */,
				18207CBD28F7DF5F00ED98C9 /* Info.plist */,
			);
			path = AV;
			sourceTree = "<group>";
		};
		18207CC528F7DF5F00ED98C9 /* AVTests */ = {
			isa = PBXGroup;
			children = (
				18207CC628F7DF5F00ED98C9 /* AVTests.swift */,
			);
			path = AVTests;
			sourceTree = "<group>";
		};
		18207CCF28F7DF5F00ED98C9 /* AVUITests */ = {
			isa = PBXGroup;
			children = (
				18207CD028F7DF5F00ED98C9 /* AVUITests.swift */,
				18207CD228F7DF5F00ED98C9 /* AVUITestsLaunchTests.swift */,
			);
			path = AVUITests;
			sourceTree = "<group>";
		};
/* End PBXGroup section */

/* Begin PBXNativeTarget section */
		18207CAB28F7DF5C00ED98C9 /* AV */ = {
			isa = PBXNativeTarget;
			buildConfigurationList = 18207CD628F7DF5F00ED98C9 /* Build configuration list for PBXNativeTarget "AV" */;
			buildPhases = (
				18207CA828F7DF5C00ED98C9 /* Sources */,
				18207CA928F7DF5C00ED98C9 /* Frameworks */,
				18207CAA28F7DF5C00ED98C9 /* Resources */,
			);
			buildRules = (
			);
			dependencies = (
			);
			name = AV;
			productName = AV;
			productReference = 18207CAC28F7DF5C00ED98C9 /* AV.app */;
			productType = "com.apple.product-type.application";
		};
		18207CC128F7DF5F00ED98C9 /* AVTests */ = {
			isa = PBXNativeTarget;
			buildConfigurationList = 18207CD928F7DF5F00ED98C9 /* Build configuration list for PBXNativeTarget "AVTests" */;
			buildPhases = (
				18207CBE28F7DF5F00ED98C9 /* Sources */,
				18207CBF28F7DF5F00ED98C9 /* Frameworks */,
				18207CC028F7DF5F00ED98C9 /* Resources */,
			);
			buildRules = (
			);
			dependencies = (
				18207CC428F7DF5F00ED98C9 /* PBXTargetDependency */,
			);
			name = AVTests;
			productName = AVTests;
			productReference = 18207CC228F7DF5F00ED98C9 /* AVTests.xctest */;
			productType = "com.apple.product-type.bundle.unit-test";
		};
		18207CCB28F7DF5F00ED98C9 /* AVUITests */ = {
			isa = PBXNativeTarget;
			buildConfigurationList = 18207CDC28F7DF5F00ED98C9 /* Build configuration list for PBXNativeTarget "AVUITests" */;
			buildPhases = (
				18207CC828F7DF5F00ED98C9 /* Sources */,
				18207CC928F7DF5F00ED98C9 /* Frameworks */,
				18207CCA28F7DF5F00ED98C9 /* Resources */,
			);
			buildRules = (
			);
			dependencies = (
				18207CCE28F7DF5F00ED98C9 /* PBXTargetDependency */,
			);
			name = AVUITests;
			productName = AVUITests;
			productReference = 18207CCC28F7DF5F00ED98C9 /* AVUITests.xctest */;
			productType = "com.apple.product-type.bundle.ui-testing";
		};
/* End PBXNativeTarget section */

/* Begin PBXProject section */
		18207CA428F7DF5C00ED98C9 /* Project object */ = {
			isa = PBXProject;
			attributes = {
				BuildIndependentTargetsInParallel = 1;
				LastSwiftUpdateCheck = 1400;
				LastUpgradeCheck = 1400;
				TargetAttributes = {
					18207CAB28F7DF5C00ED98C9 = {
						CreatedOnToolsVersion = 14.0;
					};
					18207CC128F7DF5F00ED98C9 = {
						CreatedOnToolsVersion = 14.0;
						TestTargetID = 18207CAB28F7DF5C00ED98C9;
					};
					18207CCB28F7DF5F00ED98C9 = {
						CreatedOnToolsVersion = 14.0;
						TestTargetID = 18207CAB28F7DF5C00ED98C9;
					};
				};
			};
			buildConfigurationList = 18207CA728F7DF5C00ED98C9 /* Build configuration list for PBXProject "AV" */;
			compatibilityVersion = "Xcode 14.0";
			developmentRegion = en;
			hasScannedForEncodings = 0;
			knownRegions = (
				en,
				Base,
			);
			mainGroup = 18207CA328F7DF5C00ED98C9;
			productRefGroup = 18207CAD28F7DF5C00ED98C9 /* Products */;
			projectDirPath = "";
			projectRoot = "";
			targets = (
				18207CAB28F7DF5C00ED98C9 /* AV */,
				18207CC128F7DF5F00ED98C9 /* AVTests */,
				18207CCB28F7DF5F00ED98C9 /* AVUITests */,
			);
		};
/* End PBXProject section */

/* Begin PBXResourcesBuildPhase section */
		18207CAA28F7DF5C00ED98C9 /* Resources */ = {
			isa = PBXResourcesBuildPhase;
			buildActionMask = 2147483647;
			files = (
				18207CBC28F7DF5F00ED98C9 /* LaunchScreen.storyboard in Resources */,
				18207CE028F7E99E00ED98C9 /* loveyourself.mp3 in Resources */,
				18207CE228F7EA0D00ED98C9 /* Shinzou wo Sasageyo.mp3 in Resources */,
				18207CB928F7DF5F00ED98C9 /* Assets.xcassets in Resources */,
				18207CB728F7DF5C00ED98C9 /* Main.storyboard in Resources */,
			);
			runOnlyForDeploymentPostprocessing = 0;
		};
		18207CC028F7DF5F00ED98C9 /* Resources */ = {
			isa = PBXResourcesBuildPhase;
			buildActionMask = 2147483647;
			files = (
			);
			runOnlyForDeploymentPostprocessing = 0;
		};
		18207CCA28F7DF5F00ED98C9 /* Resources */ = {
			isa = PBXResourcesBuildPhase;
			buildActionMask = 2147483647;
			files = (
			);
			runOnlyForDeploymentPostprocessing = 0;
		};
/* End PBXResourcesBuildPhase section */

/* Begin PBXSourcesBuildPhase section */
		18207CA828F7DF5C00ED98C9 /* Sources */ = {
			isa = PBXSourcesBuildPhase;
			buildActionMask = 2147483647;
			files = (
				18207CB428F7DF5C00ED98C9 /* ViewController.swift in Sources */,
				18207CB028F7DF5C00ED98C9 /* AppDelegate.swift in Sources */,
				18207CB228F7DF5C00ED98C9 /* SceneDelegate.swift in Sources */,
			);
			runOnlyForDeploymentPostprocessing = 0;
		};
		18207CBE28F7DF5F00ED98C9 /* Sources */ = {
			isa = PBXSourcesBuildPhase;
			buildActionMask = 2147483647;
			files = (
				18207CC728F7DF5F00ED98C9 /* AVTests.swift in Sources */,
			);
			runOnlyForDeploymentPostprocessing = 0;
		};
		18207CC828F7DF5F00ED98C9 /* Sources */ = {
			isa = PBXSourcesBuildPhase;
			buildActionMask = 2147483647;
			files = (
				18207CD128F7DF5F00ED98C9 /* AVUITests.swift in Sources */,
				18207CD328F7DF5F00ED98C9 /* AVUITestsLaunchTests.swift in Sources */,
			);
			runOnlyForDeploymentPostprocessing = 0;
		};
/* End PBXSourcesBuildPhase section */

/* Begin PBXTargetDependency section */
		18207CC428F7DF5F00ED98C9 /* PBXTargetDependency */ = {
			isa = PBXTargetDependency;
			target = 18207CAB28F7DF5C00ED98C9 /* AV */;
			targetProxy = 18207CC328F7DF5F00ED98C9 /* PBXContainerItemProxy */;
		};
		18207CCE28F7DF5F00ED98C9 /* PBXTargetDependency */ = {
			isa = PBXTargetDependency;
			target = 18207CAB28F7DF5C00ED98C9 /* AV */;
			targetProxy = 18207CCD28F7DF5F00ED98C9 /* PBXContainerItemProxy */;
		};
/* End PBXTargetDependency section */

/* Begin PBXVariantGroup section */
		18207CB528F7DF5C00ED98C9 /* Main.storyboard */ = {
			isa = PBXVariantGroup;
			children = (
				18207CB628F7DF5C00ED98C9 /* Base */,
			);
			name = Main.storyboard;
			sourceTree = "<group>";
		};
		18207CBA28F7DF5F00ED98C9 /* LaunchScreen.storyboard */ = {
			isa = PBXVariantGroup;
			children = (
				18207CBB28F7DF5F00ED98C9 /* Base */,
			);
			name = LaunchScreen.storyboard;
			sourceTree = "<group>";
		};
/* End PBXVariantGroup section */

/* Begin XCBuildConfiguration section */
		18207CD428F7DF5F00ED98C9 /* Debug */ = {
			isa = XCBuildConfiguration;
			buildSettings = {
				ALWAYS_SEARCH_USER_PATHS = NO;
				CLANG_ANALYZER_NONNULL = YES;
				CLANG_ANALYZER_NUMBER_OBJECT_CONVERSION = YES_AGGRESSIVE;
				CLANG_CXX_LANGUAGE_STANDARD = "gnu++20";
				CLANG_ENABLE_MODULES = YES;
				CLANG_ENABLE_OBJC_ARC = YES;
				CLANG_ENABLE_OBJC_WEAK = YES;
				CLANG_WARN_BLOCK_CAPTURE_AUTORELEASING = YES;
				CLANG_WARN_BOOL_CONVERSION = YES;
				CLANG_WARN_COMMA = YES;
				CLANG_WARN_CONSTANT_CONVERSION = YES;
				CLANG_WARN_DEPRECATED_OBJC_IMPLEMENTATIONS = YES;
				CLANG_WARN_DIRECT_OBJC_ISA_USAGE = YES_ERROR;
				CLANG_WARN_DOCUMENTATION_COMMENTS = YES;
				CLANG_WARN_EMPTY_BODY = YES;
				CLANG_WARN_ENUM_CONVERSION = YES;
				CLANG_WARN_INFINITE_RECURSION = YES;
				CLANG_WARN_INT_CONVERSION = YES;
				CLANG_WARN_NON_LITERAL_NULL_CONVERSION = YES;
				CLANG_WARN_OBJC_IMPLICIT_RETAIN_SELF = YES;
				CLANG_WARN_OBJC_LITERAL_CONVERSION = YES;
				CLANG_WARN_OBJC_ROOT_CLASS = YES_ERROR;
				CLANG_WARN_QUOTED_INCLUDE_IN_FRAMEWORK_HEADER = YES;
				CLANG_WARN_RANGE_LOOP_ANALYSIS = YES;
				CLANG_WARN_STRICT_PROTOTYPES = YES;
				CLANG_WARN_SUSPICIOUS_MOVE = YES;
				CLANG_WARN_UNGUARDED_AVAILABILITY = YES_AGGRESSIVE;
				CLANG_WARN_UNREACHABLE_CODE = YES;
				CLANG_WARN__DUPLICATE_METHOD_MATCH = YES;
				COPY_PHASE_STRIP = NO;
				DEBUG_INFORMATION_FORMAT = dwarf;
				ENABLE_STRICT_OBJC_MSGSEND = YES;
				ENABLE_TESTABILITY = YES;
				GCC_C_LANGUAGE_STANDARD = gnu11;
				GCC_DYNAMIC_NO_PIC = NO;
				GCC_NO_COMMON_BLOCKS = YES;
				GCC_OPTIMIZATION_LEVEL = 0;
				GCC_PREPROCESSOR_DEFINITIONS = (
					"DEBUG=1",
					"$(inherited)",
				);
				GCC_WARN_64_TO_32_BIT_CONVERSION = YES;
				GCC_WARN_ABOUT_RETURN_TYPE = YES_ERROR;
				GCC_WARN_UNDECLARED_SELECTOR = YES;
				GCC_WARN_UNINITIALIZED_AUTOS = YES_AGGRESSIVE;
				GCC_WARN_UNUSED_FUNCTION = YES;
				GCC_WARN_UNUSED_VARIABLE = YES;
				IPHONEOS_DEPLOYMENT_TARGET = 16.0;
				MTL_ENABLE_DEBUG_INFO = INCLUDE_SOURCE;
				MTL_FAST_MATH = YES;
				ONLY_ACTIVE_ARCH = YES;
				SDKROOT = iphoneos;
				SWIFT_ACTIVE_COMPILATION_CONDITIONS = DEBUG;
				SWIFT_OPTIMIZATION_LEVEL = "-Onone";
			};
			name = Debug;
		};
		18207CD528F7DF5F00ED98C9 /* Release */ = {
			isa = XCBuildConfiguration;
			buildSettings = {
				ALWAYS_SEARCH_USER_PATHS = NO;
				CLANG_ANALYZER_NONNULL = YES;
				CLANG_ANALYZER_NUMBER_OBJECT_CONVERSION = YES_AGGRESSIVE;
				CLANG_CXX_LANGUAGE_STANDARD = "gnu++20";
				CLANG_ENABLE_MODULES = YES;
				CLANG_ENABLE_OBJC_ARC = YES;
				CLANG_ENABLE_OBJC_WEAK = YES;
				CLANG_WARN_BLOCK_CAPTURE_AUTORELEASING = YES;
				CLANG_WARN_BOOL_CONVERSION = YES;
				CLANG_WARN_COMMA = YES;
				CLANG_WARN_CONSTANT_CONVERSION = YES;
				CLANG_WARN_DEPRECATED_OBJC_IMPLEMENTATIONS = YES;
				CLANG_WARN_DIRECT_OBJC_ISA_USAGE = YES_ERROR;
				CLANG_WARN_DOCUMENTATION_COMMENTS = YES;
				CLANG_WARN_EMPTY_BODY = YES;
				CLANG_WARN_ENUM_CONVERSION = YES;
				CLANG_WARN_INFINITE_RECURSION = YES;
				CLANG_WARN_INT_CONVERSION = YES;
				CLANG_WARN_NON_LITERAL_NULL_CONVERSION = YES;
				CLANG_WARN_OBJC_IMPLICIT_RETAIN_SELF = YES;
				CLANG_WARN_OBJC_LITERAL_CONVERSION = YES;
				CLANG_WARN_OBJC_ROOT_CLASS = YES_ERROR;
				CLANG_WARN_QUOTED_INCLUDE_IN_FRAMEWORK_HEADER = YES;
				CLANG_WARN_RANGE_LOOP_ANALYSIS = YES;
				CLANG_WARN_STRICT_PROTOTYPES = YES;
				CLANG_WARN_SUSPICIOUS_MOVE = YES;
				CLANG_WARN_UNGUARDED_AVAILABILITY = YES_AGGRESSIVE;
				CLANG_WARN_UNREACHABLE_CODE = YES;
				CLANG_WARN__DUPLICATE_METHOD_MATCH = YES;
				COPY_PHASE_STRIP = NO;
				DEBUG_INFORMATION_FORMAT = "dwarf-with-dsym";
				ENABLE_NS_ASSERTIONS = NO;
				ENABLE_STRICT_OBJC_MSGSEND = YES;
				GCC_C_LANGUAGE_STANDARD = gnu11;
				GCC_NO_COMMON_BLOCKS = YES;
				GCC_WARN_64_TO_32_BIT_CONVERSION = YES;
				GCC_WARN_ABOUT_RETURN_TYPE = YES_ERROR;
				GCC_WARN_UNDECLARED_SELECTOR = YES;
				GCC_WARN_UNINITIALIZED_AUTOS = YES_AGGRESSIVE;
				GCC_WARN_UNUSED_FUNCTION = YES;
				GCC_WARN_UNUSED_VARIABLE = YES;
				IPHONEOS_DEPLOYMENT_TARGET = 16.0;
				MTL_ENABLE_DEBUG_INFO = NO;
				MTL_FAST_MATH = YES;
				SDKROOT = iphoneos;
				SWIFT_COMPILATION_MODE = wholemodule;
				SWIFT_OPTIMIZATION_LEVEL = "-O";
				VALIDATE_PRODUCT = YES;
			};
			name = Release;
		};
		18207CD728F7DF5F00ED98C9 /* Debug */ = {
			isa = XCBuildConfiguration;
			buildSettings = {
				ASSETCATALOG_COMPILER_APPICON_NAME = AppIcon;
				ASSETCATALOG_COMPILER_GLOBAL_ACCENT_COLOR_NAME = AccentColor;
				CODE_SIGN_STYLE = Automatic;
				CURRENT_PROJECT_VERSION = 1;
				GENERATE_INFOPLIST_FILE = YES;
				INFOPLIST_FILE = AV/Info.plist;
				INFOPLIST_KEY_UIApplicationSupportsIndirectInputEvents = YES;
				INFOPLIST_KEY_UILaunchStoryboardName = LaunchScreen;
				INFOPLIST_KEY_UIMainStoryboardFile = Main;
				INFOPLIST_KEY_UISupportedInterfaceOrientations_iPad = "UIInterfaceOrientationPortrait UIInterfaceOrientationPortraitUpsideDown UIInterfaceOrientationLandscapeLeft UIInterfaceOrientationLandscapeRight";
				INFOPLIST_KEY_UISupportedInterfaceOrientations_iPhone = "UIInterfaceOrientationPortrait UIInterfaceOrientationLandscapeLeft UIInterfaceOrientationLandscapeRight";
				LD_RUNPATH_SEARCH_PATHS = (
					"$(inherited)",
					"@executable_path/Frameworks",
				);
				MARKETING_VERSION = 1.0;
				PRODUCT_BUNDLE_IDENTIFIER = iOS.AV;
				PRODUCT_NAME = "$(TARGET_NAME)";
				SWIFT_EMIT_LOC_STRINGS = YES;
				SWIFT_VERSION = 5.0;
				TARGETED_DEVICE_FAMILY = "1,2";
			};
			name = Debug;
		};
		18207CD828F7DF5F00ED98C9 /* Release */ = {
			isa = XCBuildConfiguration;
			buildSettings = {
				ASSETCATALOG_COMPILER_APPICON_NAME = AppIcon;
				ASSETCATALOG_COMPILER_GLOBAL_ACCENT_COLOR_NAME = AccentColor;
				CODE_SIGN_STYLE = Automatic;
				CURRENT_PROJECT_VERSION = 1;
				GENERATE_INFOPLIST_FILE = YES;
				INFOPLIST_FILE = AV/Info.plist;
				INFOPLIST_KEY_UIApplicationSupportsIndirectInputEvents = YES;
				INFOPLIST_KEY_UILaunchStoryboardName = LaunchScreen;
				INFOPLIST_KEY_UIMainStoryboardFile = Main;
				INFOPLIST_KEY_UISupportedInterfaceOrientations_iPad = "UIInterfaceOrientationPortrait UIInterfaceOrientationPortraitUpsideDown UIInterfaceOrientationLandscapeLeft UIInterfaceOrientationLandscapeRight";
				INFOPLIST_KEY_UISupportedInterfaceOrientations_iPhone = "UIInterfaceOrientationPortrait UIInterfaceOrientationLandscapeLeft UIInterfaceOrientationLandscapeRight";
				LD_RUNPATH_SEARCH_PATHS = (
					"$(inherited)",
					"@executable_path/Frameworks",
				);
				MARKETING_VERSION = 1.0;
				PRODUCT_BUNDLE_IDENTIFIER = iOS.AV;
				PRODUCT_NAME = "$(TARGET_NAME)";
				SWIFT_EMIT_LOC_STRINGS = YES;
				SWIFT_VERSION = 5.0;
				TARGETED_DEVICE_FAMILY = "1,2";
			};
			name = Release;
		};
		18207CDA28F7DF5F00ED98C9 /* Debug */ = {
			isa = XCBuildConfiguration;
			buildSettings = {
				ALWAYS_EMBED_SWIFT_STANDARD_LIBRARIES = YES;
				BUNDLE_LOADER = "$(TEST_HOST)";
				CODE_SIGN_STYLE = Automatic;
				CURRENT_PROJECT_VERSION = 1;
				GENERATE_INFOPLIST_FILE = YES;
				IPHONEOS_DEPLOYMENT_TARGET = 16.0;
				MARKETING_VERSION = 1.0;
				PRODUCT_BUNDLE_IDENTIFIER = iOS.AVTests;
				PRODUCT_NAME = "$(TARGET_NAME)";
				SWIFT_EMIT_LOC_STRINGS = NO;
				SWIFT_VERSION = 5.0;
				TARGETED_DEVICE_FAMILY = "1,2";
				TEST_HOST = "$(BUILT_PRODUCTS_DIR)/AV.app/$(BUNDLE_EXECUTABLE_FOLDER_PATH)/AV";
			};
			name = Debug;
		};
		18207CDB28F7DF5F00ED98C9 /* Release */ = {
			isa = XCBuildConfiguration;
			buildSettings = {
				ALWAYS_EMBED_SWIFT_STANDARD_LIBRARIES = YES;
				BUNDLE_LOADER = "$(TEST_HOST)";
				CODE_SIGN_STYLE = Automatic;
				CURRENT_PROJECT_VERSION = 1;
				GENERATE_INFOPLIST_FILE = YES;
				IPHONEOS_DEPLOYMENT_TARGET = 16.0;
				MARKETING_VERSION = 1.0;
				PRODUCT_BUNDLE_IDENTIFIER = iOS.AVTests;
				PRODUCT_NAME = "$(TARGET_NAME)";
				SWIFT_EMIT_LOC_STRINGS = NO;
				SWIFT_VERSION = 5.0;
				TARGETED_DEVICE_FAMILY = "1,2";
				TEST_HOST = "$(BUILT_PRODUCTS_DIR)/AV.app/$(BUNDLE_EXECUTABLE_FOLDER_PATH)/AV";
			};
			name = Release;
		};
		18207CDD28F7DF5F00ED98C9 /* Debug */ = {
			isa = XCBuildConfiguration;
			buildSettings = {
				ALWAYS_EMBED_SWIFT_STANDARD_LIBRARIES = YES;
				CODE_SIGN_STYLE = Automatic;
				CURRENT_PROJECT_VERSION = 1;
				GENERATE_INFOPLIST_FILE = YES;
				MARKETING_VERSION = 1.0;
				PRODUCT_BUNDLE_IDENTIFIER = iOS.AVUITests;
				PRODUCT_NAME = "$(TARGET_NAME)";
				SWIFT_EMIT_LOC_STRINGS = NO;
				SWIFT_VERSION = 5.0;
				TARGETED_DEVICE_FAMILY = "1,2";
				TEST_TARGET_NAME = AV;
			};
			name = Debug;
		};
		18207CDE28F7DF5F00ED98C9 /* Release */ = {
			isa = XCBuildConfiguration;
			buildSettings = {
				ALWAYS_EMBED_SWIFT_STANDARD_LIBRARIES = YES;
				CODE_SIGN_STYLE = Automatic;
				CURRENT_PROJECT_VERSION = 1;
				GENERATE_INFOPLIST_FILE = YES;
				MARKETING_VERSION = 1.0;
				PRODUCT_BUNDLE_IDENTIFIER = iOS.AVUITests;
				PRODUCT_NAME = "$(TARGET_NAME)";
				SWIFT_EMIT_LOC_STRINGS = NO;
				SWIFT_VERSION = 5.0;
				TARGETED_DEVICE_FAMILY = "1,2";
				TEST_TARGET_NAME = AV;
			};
			name = Release;
		};
/* End XCBuildConfiguration section */

/* Begin XCConfigurationList section */
		18207CA728F7DF5C00ED98C9 /* Build configuration list for PBXProject "AV" */ = {
			isa = XCConfigurationList;
			buildConfigurations = (
				18207CD428F7DF5F00ED98C9 /* Debug */,
				18207CD528F7DF5F00ED98C9 /* Release */,
			);
			defaultConfigurationIsVisible = 0;
			defaultConfigurationName = Release;
		};
		18207CD628F7DF5F00ED98C9 /* Build configuration list for PBXNativeTarget "AV" */ = {
			isa = XCConfigurationList;
			buildConfigurations = (
				18207CD728F7DF5F00ED98C9 /* Debug */,
				18207CD828F7DF5F00ED98C9 /* Release */,
			);
			defaultConfigurationIsVisible = 0;
			defaultConfigurationName = Release;
		};
		18207CD928F7DF5F00ED98C9 /* Build configuration list for PBXNativeTarget "AVTests" */ = {
			isa = XCConfigurationList;
			buildConfigurations = (
				18207CDA28F7DF5F00ED98C9 /* Debug */,
				18207CDB28F7DF5F00ED98C9 /* Release */,
			);
			defaultConfigurationIsVisible = 0;
			defaultConfigurationName = Release;
		};
		18207CDC28F7DF5F00ED98C9 /* Build configuration list for PBXNativeTarget "AVUITests" */ = {
			isa = XCConfigurationList;
			buildConfigurations = (
				18207CDD28F7DF5F00ED98C9 /* Debug */,
				18207CDE28F7DF5F00ED98C9 /* Release */,
			);
			defaultConfigurationIsVisible = 0;
			defaultConfigurationName = Release;
		};
/* End XCConfigurationList section */
	};
	rootObject = 18207CA428F7DF5C00ED98C9 /* Project object */;
}
